// !$*UTF8*$!
{
	archiveVersion = 1;
	classes = {
	};
	objectVersion = 77;
	objects = {

/* Begin PBXBuildFile section */
		F3B09F762D36A651005671C3 /* Logging in Frameworks */ = {isa = PBXBuildFile; productRef = F3B09F752D36A651005671C3 /* Logging */; };
		F3B09F892D36A783005671C3 /* LoggingSyslog in Frameworks */ = {isa = PBXBuildFile; productRef = F3B09F882D36A783005671C3 /* LoggingSyslog */; };
		F3F790A42D3665AA0095CE82 /* WidgetKit.framework in Frameworks */ = {isa = PBXBuildFile; fileRef = F3F790A32D3665AA0095CE82 /* WidgetKit.framework */; };
		F3F790A62D3665AA0095CE82 /* SwiftUI.framework in Frameworks */ = {isa = PBXBuildFile; fileRef = F3F790A52D3665AA0095CE82 /* SwiftUI.framework */; };
		F3F790B32D3665AB0095CE82 /* LiveActivityWidgetExtension.appex in Embed Foundation Extensions */ = {isa = PBXBuildFile; fileRef = F3F790A12D3665AA0095CE82 /* LiveActivityWidgetExtension.appex */; settings = {ATTRIBUTES = (RemoveHeadersOnCopy, ); }; };
/* End PBXBuildFile section */

/* Begin PBXContainerItemProxy section */
		F3F790B12D3665AB0095CE82 /* PBXContainerItemProxy */ = {
			isa = PBXContainerItemProxy;
			containerPortal = F3F7907D2D3663D00095CE82 /* Project object */;
			proxyType = 1;
			remoteGlobalIDString = F3F790A02D3665AA0095CE82;
			remoteInfo = LiveActivityWidgetExtension;
		};
/* End PBXContainerItemProxy section */

/* Begin PBXCopyFilesBuildPhase section */
		F3F790B82D3665AB0095CE82 /* Embed Foundation Extensions */ = {
			isa = PBXCopyFilesBuildPhase;
			buildActionMask = 2147483647;
			dstPath = "";
			dstSubfolderSpec = 13;
			files = (
				F3F790B32D3665AB0095CE82 /* LiveActivityWidgetExtension.appex in Embed Foundation Extensions */,
			);
			name = "Embed Foundation Extensions";
			runOnlyForDeploymentPostprocessing = 0;
		};
/* End PBXCopyFilesBuildPhase section */

/* Begin PBXFileReference section */
		F3F790852D3663D00095CE82 /* NetworkRealtime.app */ = {isa = PBXFileReference; explicitFileType = wrapper.application; includeInIndex = 0; path = NetworkRealtime.app; sourceTree = BUILT_PRODUCTS_DIR; };
		F3F790A12D3665AA0095CE82 /* LiveActivityWidgetExtension.appex */ = {isa = PBXFileReference; explicitFileType = "wrapper.app-extension"; includeInIndex = 0; path = LiveActivityWidgetExtension.appex; sourceTree = BUILT_PRODUCTS_DIR; };
		F3F790A32D3665AA0095CE82 /* WidgetKit.framework */ = {isa = PBXFileReference; lastKnownFileType = wrapper.framework; name = WidgetKit.framework; path = System/Library/Frameworks/WidgetKit.framework; sourceTree = SDKROOT; };
		F3F790A52D3665AA0095CE82 /* SwiftUI.framework */ = {isa = PBXFileReference; lastKnownFileType = wrapper.framework; name = SwiftUI.framework; path = System/Library/Frameworks/SwiftUI.framework; sourceTree = SDKROOT; };
/* End PBXFileReference section */

/* Begin PBXFileSystemSynchronizedBuildFileExceptionSet section */
		F3F790972D3663D10095CE82 /* Exceptions for "NetworkRealtime" folder in "NetworkRealtime" target */ = {
			isa = PBXFileSystemSynchronizedBuildFileExceptionSet;
			membershipExceptions = (
				Info.plist,
			);
			target = F3F790842D3663D00095CE82 /* NetworkRealtime */;
		};
		F3F790B72D3665AB0095CE82 /* Exceptions for "LiveActivityWidget" folder in "LiveActivityWidgetExtension" target */ = {
			isa = PBXFileSystemSynchronizedBuildFileExceptionSet;
			membershipExceptions = (
				Info.plist,
			);
			target = F3F790A02D3665AA0095CE82 /* LiveActivityWidgetExtension */;
		};
		F3F790C02D366C2B0095CE82 /* Exceptions for "NetworkRealtime" folder in "LiveActivityWidgetExtension" target */ = {
			isa = PBXFileSystemSynchronizedBuildFileExceptionSet;
			membershipExceptions = (
				live/shared/LiveActivityWidgetAttributes.swift,
			);
			target = F3F790A02D3665AA0095CE82 /* LiveActivityWidgetExtension */;
		};
/* End PBXFileSystemSynchronizedBuildFileExceptionSet section */

/* Begin PBXFileSystemSynchronizedRootGroup section */
		F3F790872D3663D00095CE82 /* NetworkRealtime */ = {
			isa = PBXFileSystemSynchronizedRootGroup;
			exceptions = (
				F3F790972D3663D10095CE82 /* Exceptions for "NetworkRealtime" folder in "NetworkRealtime" target */,
				F3F790C02D366C2B0095CE82 /* Exceptions for "NetworkRealtime" folder in "LiveActivityWidgetExtension" target */,
			);
			path = NetworkRealtime;
			sourceTree = "<group>";
		};
		F3F790A72D3665AA0095CE82 /* LiveActivityWidget */ = {
			isa = PBXFileSystemSynchronizedRootGroup;
			exceptions = (
				F3F790B72D3665AB0095CE82 /* Exceptions for "LiveActivityWidget" folder in "LiveActivityWidgetExtension" target */,
			);
			path = LiveActivityWidget;
			sourceTree = "<group>";
		};
/* End PBXFileSystemSynchronizedRootGroup section */

/* Begin PBXFrameworksBuildPhase section */
		F3F790822D3663D00095CE82 /* Frameworks */ = {
			isa = PBXFrameworksBuildPhase;
			buildActionMask = 2147483647;
			files = (
				F3B09F762D36A651005671C3 /* Logging in Frameworks */,
				F3B09F892D36A783005671C3 /* LoggingSyslog in Frameworks */,
			);
			runOnlyForDeploymentPostprocessing = 0;
		};
		F3F7909E2D3665AA0095CE82 /* Frameworks */ = {
			isa = PBXFrameworksBuildPhase;
			buildActionMask = 2147483647;
			files = (
				F3F790A62D3665AA0095CE82 /* SwiftUI.framework in Frameworks */,
				F3F790A42D3665AA0095CE82 /* WidgetKit.framework in Frameworks */,
			);
			runOnlyForDeploymentPostprocessing = 0;
		};
/* End PBXFrameworksBuildPhase section */

/* Begin PBXGroup section */
		F3F7907C2D3663D00095CE82 = {
			isa = PBXGroup;
			children = (
				F3F790872D3663D00095CE82 /* NetworkRealtime */,
				F3F790A72D3665AA0095CE82 /* LiveActivityWidget */,
				F3F790A22D3665AA0095CE82 /* Frameworks */,
				F3F790862D3663D00095CE82 /* Products */,
			);
			sourceTree = "<group>";
		};
		F3F790862D3663D00095CE82 /* Products */ = {
			isa = PBXGroup;
			children = (
				F3F790852D3663D00095CE82 /* NetworkRealtime.app */,
				F3F790A12D3665AA0095CE82 /* LiveActivityWidgetExtension.appex */,
			);
			name = Products;
			sourceTree = "<group>";
		};
		F3F790A22D3665AA0095CE82 /* Frameworks */ = {
			isa = PBXGroup;
			children = (
				F3F790A32D3665AA0095CE82 /* WidgetKit.framework */,
				F3F790A52D3665AA0095CE82 /* SwiftUI.framework */,
			);
			name = Frameworks;
			sourceTree = "<group>";
		};
/* End PBXGroup section */

/* Begin PBXNativeTarget section */
		F3F790842D3663D00095CE82 /* NetworkRealtime */ = {
			isa = PBXNativeTarget;
			buildConfigurationList = F3F790982D3663D10095CE82 /* Build configuration list for PBXNativeTarget "NetworkRealtime" */;
			buildPhases = (
				F3F790812D3663D00095CE82 /* Sources */,
				F3F790822D3663D00095CE82 /* Frameworks */,
				F3F790832D3663D00095CE82 /* Resources */,
				F3F790B82D3665AB0095CE82 /* Embed Foundation Extensions */,
			);
			buildRules = (
			);
			dependencies = (
				F3F790B22D3665AB0095CE82 /* PBXTargetDependency */,
			);
			fileSystemSynchronizedGroups = (
				F3F790872D3663D00095CE82 /* NetworkRealtime */,
			);
			name = NetworkRealtime;
			packageProductDependencies = (
				F3B09F752D36A651005671C3 /* Logging */,
				F3B09F882D36A783005671C3 /* LoggingSyslog */,
			);
			productName = NetworkRealtime;
			productReference = F3F790852D3663D00095CE82 /* NetworkRealtime.app */;
			productType = "com.apple.product-type.application";
		};
		F3F790A02D3665AA0095CE82 /* LiveActivityWidgetExtension */ = {
			isa = PBXNativeTarget;
			buildConfigurationList = F3F790B42D3665AB0095CE82 /* Build configuration list for PBXNativeTarget "LiveActivityWidgetExtension" */;
			buildPhases = (
				F3F7909D2D3665AA0095CE82 /* Sources */,
				F3F7909E2D3665AA0095CE82 /* Frameworks */,
				F3F7909F2D3665AA0095CE82 /* Resources */,
			);
			buildRules = (
			);
			dependencies = (
			);
			fileSystemSynchronizedGroups = (
				F3F790A72D3665AA0095CE82 /* LiveActivityWidget */,
			);
			name = LiveActivityWidgetExtension;
			packageProductDependencies = (
			);
			productName = LiveActivityWidgetExtension;
			productReference = F3F790A12D3665AA0095CE82 /* LiveActivityWidgetExtension.appex */;
			productType = "com.apple.product-type.app-extension";
		};
/* End PBXNativeTarget section */

/* Begin PBXProject section */
		F3F7907D2D3663D00095CE82 /* Project object */ = {
			isa = PBXProject;
			attributes = {
				BuildIndependentTargetsInParallel = 1;
				LastSwiftUpdateCheck = 1620;
				LastUpgradeCheck = 1620;
				TargetAttributes = {
					F3F790842D3663D00095CE82 = {
						CreatedOnToolsVersion = 16.2;
					};
					F3F790A02D3665AA0095CE82 = {
						CreatedOnToolsVersion = 16.2;
					};
				};
			};
			buildConfigurationList = F3F790802D3663D00095CE82 /* Build configuration list for PBXProject "NetworkRealtime" */;
			developmentRegion = en;
			hasScannedForEncodings = 0;
			knownRegions = (
				en,
				Base,
			);
			mainGroup = F3F7907C2D3663D00095CE82;
			minimizedProjectReferenceProxies = 1;
			packageReferences = (
				F3B09F742D36A651005671C3 /* XCRemoteSwiftPackageReference "swift-log" */,
				F3B09F872D36A783005671C3 /* XCRemoteSwiftPackageReference "swift-log-syslog" */,
			);
			preferredProjectObjectVersion = 77;
			productRefGroup = F3F790862D3663D00095CE82 /* Products */;
			projectDirPath = "";
			projectRoot = "";
			targets = (
				F3F790842D3663D00095CE82 /* NetworkRealtime */,
				F3F790A02D3665AA0095CE82 /* LiveActivityWidgetExtension */,
			);
		};
/* End PBXProject section */

/* Begin PBXResourcesBuildPhase section */
		F3F790832D3663D00095CE82 /* Resources */ = {
			isa = PBXResourcesBuildPhase;
			buildActionMask = 2147483647;
			files = (
			);
			runOnlyForDeploymentPostprocessing = 0;
		};
		F3F7909F2D3665AA0095CE82 /* Resources */ = {
			isa = PBXResourcesBuildPhase;
			buildActionMask = 2147483647;
			files = (
			);
			runOnlyForDeploymentPostprocessing = 0;
		};
/* End PBXResourcesBuildPhase section */

/* Begin PBXSourcesBuildPhase section */
		F3F790812D3663D00095CE82 /* Sources */ = {
			isa = PBXSourcesBuildPhase;
			buildActionMask = 2147483647;
			files = (
			);
			runOnlyForDeploymentPostprocessing = 0;
		};
		F3F7909D2D3665AA0095CE82 /* Sources */ = {
			isa = PBXSourcesBuildPhase;
			buildActionMask = 2147483647;
			files = (
			);
			runOnlyForDeploymentPostprocessing = 0;
		};
/* End PBXSourcesBuildPhase section */

/* Begin PBXTargetDependency section */
		F3F790B22D3665AB0095CE82 /* PBXTargetDependency */ = {
			isa = PBXTargetDependency;
			target = F3F790A02D3665AA0095CE82 /* LiveActivityWidgetExtension */;
			targetProxy = F3F790B12D3665AB0095CE82 /* PBXContainerItemProxy */;
		};
/* End PBXTargetDependency section */

/* Begin XCBuildConfiguration section */
		F3F790992D3663D10095CE82 /* Debug */ = {
			isa = XCBuildConfiguration;
			buildSettings = {
				ASSETCATALOG_COMPILER_APPICON_NAME = AppIcon;
				ASSETCATALOG_COMPILER_GLOBAL_ACCENT_COLOR_NAME = AccentColor;
				CODE_SIGN_STYLE = Automatic;
				CURRENT_PROJECT_VERSION = 1;
				DEVELOPMENT_TEAM = ZG3FDF8RBQ;
				GENERATE_INFOPLIST_FILE = YES;
				INFOPLIST_FILE = NetworkRealtime/Info.plist;
				INFOPLIST_KEY_NSLocalNetworkUsageDescription = "需要访问网络以监控网络速度";
				INFOPLIST_KEY_NSLocationAlwaysAndWhenInUseUsageDescription = "需要后台定位权限来保持网速监测功能";
				INFOPLIST_KEY_NSLocationWhenInUseUsageDescription = "需要定位权限来监测网速";
				INFOPLIST_KEY_NSSupportsLiveActivities = YES;
				INFOPLIST_KEY_UIApplicationSupportsIndirectInputEvents = YES;
				INFOPLIST_KEY_UILaunchStoryboardName = "Launch Screen";
				INFOPLIST_KEY_UIMainStoryboardFile = Main;
				INFOPLIST_KEY_UISupportedInterfaceOrientations = UIInterfaceOrientationPortrait;
				IPHONEOS_DEPLOYMENT_TARGET = 17;
				LD_RUNPATH_SEARCH_PATHS = (
					"$(inherited)",
					"@executable_path/Frameworks",
				);
				MARKETING_VERSION = 1.0;
				PRODUCT_BUNDLE_IDENTIFIER = jp.elestyle.NetworkRealtime;
				PRODUCT_NAME = "$(TARGET_NAME)";
				SUPPORTED_PLATFORMS = "iphoneos iphonesimulator";
				SUPPORTS_MACCATALYST = NO;
				SUPPORTS_MAC_DESIGNED_FOR_IPHONE_IPAD = NO;
				SUPPORTS_XR_DESIGNED_FOR_IPHONE_IPAD = NO;
				SWIFT_EMIT_LOC_STRINGS = YES;
				SWIFT_VERSION = 5.0;
				TARGETED_DEVICE_FAMILY = "1,2";
			};
			name = Debug;
		};
		F3F7909A2D3663D10095CE82 /* Release */ = {
			isa = XCBuildConfiguration;
			buildSettings = {
				ASSETCATALOG_COMPILER_APPICON_NAME = AppIcon;
				ASSETCATALOG_COMPILER_GLOBAL_ACCENT_COLOR_NAME = AccentColor;
				CODE_SIGN_STYLE = Automatic;
				CURRENT_PROJECT_VERSION = 1;
				DEVELOPMENT_TEAM = ZG3FDF8RBQ;
				GENERATE_INFOPLIST_FILE = YES;
				INFOPLIST_FILE = NetworkRealtime/Info.plist;
				INFOPLIST_KEY_NSLocalNetworkUsageDescription = "需要访问网络以监控网络速度";
				INFOPLIST_KEY_NSLocationAlwaysAndWhenInUseUsageDescription = "需要后台定位权限来保持网速监测功能";
				INFOPLIST_KEY_NSLocationWhenInUseUsageDescription = "需要定位权限来监测网速";
				INFOPLIST_KEY_NSSupportsLiveActivities = YES;
				INFOPLIST_KEY_UIApplicationSupportsIndirectInputEvents = YES;
				INFOPLIST_KEY_UILaunchStoryboardName = "Launch Screen";
				INFOPLIST_KEY_UIMainStoryboardFile = Main;
				INFOPLIST_KEY_UISupportedInterfaceOrientations = UIInterfaceOrientationPortrait;
				IPHONEOS_DEPLOYMENT_TARGET = 17;
				LD_RUNPATH_SEARCH_PATHS = (
					"$(inherited)",
					"@executable_path/Frameworks",
				);
				MARKETING_VERSION = 1.0;
				PRODUCT_BUNDLE_IDENTIFIER = jp.elestyle.NetworkRealtime;
				PRODUCT_NAME = "$(TARGET_NAME)";
				SUPPORTED_PLATFORMS = "iphoneos iphonesimulator";
				SUPPORTS_MACCATALYST = NO;
				SUPPORTS_MAC_DESIGNED_FOR_IPHONE_IPAD = NO;
				SUPPORTS_XR_DESIGNED_FOR_IPHONE_IPAD = NO;
				SWIFT_EMIT_LOC_STRINGS = YES;
				SWIFT_VERSION = 5.0;
				TARGETED_DEVICE_FAMILY = "1,2";
			};
			name = Release;
		};
		F3F7909B2D3663D10095CE82 /* Debug */ = {
			isa = XCBuildConfiguration;
			buildSettings = {
				ALWAYS_SEARCH_USER_PATHS = NO;
				ASSETCATALOG_COMPILER_GENERATE_SWIFT_ASSET_SYMBOL_EXTENSIONS = YES;
				CLANG_ANALYZER_NONNULL = YES;
				CLANG_ANALYZER_NUMBER_OBJECT_CONVERSION = YES_AGGRESSIVE;
				CLANG_CXX_LANGUAGE_STANDARD = "gnu++20";
				CLANG_ENABLE_MODULES = YES;
				CLANG_ENABLE_OBJC_ARC = YES;
				CLANG_ENABLE_OBJC_WEAK = YES;
				CLANG_WARN_BLOCK_CAPTURE_AUTORELEASING = YES;
				CLANG_WARN_BOOL_CONVERSION = YES;
				CLANG_WARN_COMMA = YES;
				CLANG_WARN_CONSTANT_CONVERSION = YES;
				CLANG_WARN_DEPRECATED_OBJC_IMPLEMENTATIONS = YES;
				CLANG_WARN_DIRECT_OBJC_ISA_USAGE = YES_ERROR;
				CLANG_WARN_DOCUMENTATION_COMMENTS = YES;
				CLANG_WARN_EMPTY_BODY = YES;
				CLANG_WARN_ENUM_CONVERSION = YES;
				CLANG_WARN_INFINITE_RECURSION = YES;
				CLANG_WARN_INT_CONVERSION = YES;
				CLANG_WARN_NON_LITERAL_NULL_CONVERSION = YES;
				CLANG_WARN_OBJC_IMPLICIT_RETAIN_SELF = YES;
				CLANG_WARN_OBJC_LITERAL_CONVERSION = YES;
				CLANG_WARN_OBJC_ROOT_CLASS = YES_ERROR;
				CLANG_WARN_QUOTED_INCLUDE_IN_FRAMEWORK_HEADER = YES;
				CLANG_WARN_RANGE_LOOP_ANALYSIS = YES;
				CLANG_WARN_STRICT_PROTOTYPES = YES;
				CLANG_WARN_SUSPICIOUS_MOVE = YES;
				CLANG_WARN_UNGUARDED_AVAILABILITY = YES_AGGRESSIVE;
				CLANG_WARN_UNREACHABLE_CODE = YES;
				CLANG_WARN__DUPLICATE_METHOD_MATCH = YES;
				COPY_PHASE_STRIP = NO;
				DEBUG_INFORMATION_FORMAT = dwarf;
				ENABLE_STRICT_OBJC_MSGSEND = YES;
				ENABLE_TESTABILITY = YES;
				ENABLE_USER_SCRIPT_SANDBOXING = YES;
				GCC_C_LANGUAGE_STANDARD = gnu17;
				GCC_DYNAMIC_NO_PIC = NO;
				GCC_NO_COMMON_BLOCKS = YES;
				GCC_OPTIMIZATION_LEVEL = 0;
				GCC_PREPROCESSOR_DEFINITIONS = (
					"DEBUG=1",
					"$(inherited)",
				);
				GCC_WARN_64_TO_32_BIT_CONVERSION = YES;
				GCC_WARN_ABOUT_RETURN_TYPE = YES_ERROR;
				GCC_WARN_UNDECLARED_SELECTOR = YES;
				GCC_WARN_UNINITIALIZED_AUTOS = YES_AGGRESSIVE;
				GCC_WARN_UNUSED_FUNCTION = YES;
				GCC_WARN_UNUSED_VARIABLE = YES;
				IPHONEOS_DEPLOYMENT_TARGET = 18.2;
				LOCALIZATION_PREFERS_STRING_CATALOGS = YES;
				MTL_ENABLE_DEBUG_INFO = INCLUDE_SOURCE;
				MTL_FAST_MATH = YES;
				ONLY_ACTIVE_ARCH = YES;
				SDKROOT = iphoneos;
				SWIFT_ACTIVE_COMPILATION_CONDITIONS = "DEBUG $(inherited)";
				SWIFT_OPTIMIZATION_LEVEL = "-Onone";
			};
			name = Debug;
		};
		F3F7909C2D3663D10095CE82 /* Release */ = {
			isa = XCBuildConfiguration;
			buildSettings = {
				ALWAYS_SEARCH_USER_PATHS = NO;
				ASSETCATALOG_COMPILER_GENERATE_SWIFT_ASSET_SYMBOL_EXTENSIONS = YES;
				CLANG_ANALYZER_NONNULL = YES;
				CLANG_ANALYZER_NUMBER_OBJECT_CONVERSION = YES_AGGRESSIVE;
				CLANG_CXX_LANGUAGE_STANDARD = "gnu++20";
				CLANG_ENABLE_MODULES = YES;
				CLANG_ENABLE_OBJC_ARC = YES;
				CLANG_ENABLE_OBJC_WEAK = YES;
				CLANG_WARN_BLOCK_CAPTURE_AUTORELEASING = YES;
				CLANG_WARN_BOOL_CONVERSION = YES;
				CLANG_WARN_COMMA = YES;
				CLANG_WARN_CONSTANT_CONVERSION = YES;
				CLANG_WARN_DEPRECATED_OBJC_IMPLEMENTATIONS = YES;
				CLANG_WARN_DIRECT_OBJC_ISA_USAGE = YES_ERROR;
				CLANG_WARN_DOCUMENTATION_COMMENTS = YES;
				CLANG_WARN_EMPTY_BODY = YES;
				CLANG_WARN_ENUM_CONVERSION = YES;
				CLANG_WARN_INFINITE_RECURSION = YES;
				CLANG_WARN_INT_CONVERSION = YES;
				CLANG_WARN_NON_LITERAL_NULL_CONVERSION = YES;
				CLANG_WARN_OBJC_IMPLICIT_RETAIN_SELF = YES;
				CLANG_WARN_OBJC_LITERAL_CONVERSION = YES;
				CLANG_WARN_OBJC_ROOT_CLASS = YES_ERROR;
				CLANG_WARN_QUOTED_INCLUDE_IN_FRAMEWORK_HEADER = YES;
				CLANG_WARN_RANGE_LOOP_ANALYSIS = YES;
				CLANG_WARN_STRICT_PROTOTYPES = YES;
				CLANG_WARN_SUSPICIOUS_MOVE = YES;
				CLANG_WARN_UNGUARDED_AVAILABILITY = YES_AGGRESSIVE;
				CLANG_WARN_UNREACHABLE_CODE = YES;
				CLANG_WARN__DUPLICATE_METHOD_MATCH = YES;
				COPY_PHASE_STRIP = NO;
				DEBUG_INFORMATION_FORMAT = "dwarf-with-dsym";
				ENABLE_NS_ASSERTIONS = NO;
				ENABLE_STRICT_OBJC_MSGSEND = YES;
				ENABLE_USER_SCRIPT_SANDBOXING = YES;
				GCC_C_LANGUAGE_STANDARD = gnu17;
				GCC_NO_COMMON_BLOCKS = YES;
				GCC_WARN_64_TO_32_BIT_CONVERSION = YES;
				GCC_WARN_ABOUT_RETURN_TYPE = YES_ERROR;
				GCC_WARN_UNDECLARED_SELECTOR = YES;
				GCC_WARN_UNINITIALIZED_AUTOS = YES_AGGRESSIVE;
				GCC_WARN_UNUSED_FUNCTION = YES;
				GCC_WARN_UNUSED_VARIABLE = YES;
				IPHONEOS_DEPLOYMENT_TARGET = 18.2;
				LOCALIZATION_PREFERS_STRING_CATALOGS = YES;
				MTL_ENABLE_DEBUG_INFO = NO;
				MTL_FAST_MATH = YES;
				SDKROOT = iphoneos;
				SWIFT_COMPILATION_MODE = wholemodule;
				VALIDATE_PRODUCT = YES;
			};
			name = Release;
		};
		F3F790B52D3665AB0095CE82 /* Debug */ = {
			isa = XCBuildConfiguration;
			buildSettings = {
				ASSETCATALOG_COMPILER_GLOBAL_ACCENT_COLOR_NAME = AccentColor;
				ASSETCATALOG_COMPILER_WIDGET_BACKGROUND_COLOR_NAME = WidgetBackground;
				CODE_SIGN_STYLE = Automatic;
				CURRENT_PROJECT_VERSION = 1;
				DEVELOPMENT_TEAM = ZG3FDF8RBQ;
				GENERATE_INFOPLIST_FILE = YES;
				INFOPLIST_FILE = LiveActivityWidget/Info.plist;
				INFOPLIST_KEY_CFBundleDisplayName = LiveActivityWidget;
				INFOPLIST_KEY_NSHumanReadableCopyright = "";
				INFOPLIST_KEY_NSSupportsLiveActivities = YES;
				IPHONEOS_DEPLOYMENT_TARGET = 17;
				LD_RUNPATH_SEARCH_PATHS = (
					"$(inherited)",
					"@executable_path/Frameworks",
					"@executable_path/../../Frameworks",
				);
				MARKETING_VERSION = 1.0;
				PRODUCT_BUNDLE_IDENTIFIER = jp.elestyle.NetworkRealtime.LiveActivityWidget;
				PRODUCT_NAME = "$(TARGET_NAME)";
				SKIP_INSTALL = YES;
				SUPPORTED_PLATFORMS = "iphoneos iphonesimulator";
				SUPPORTS_MACCATALYST = NO;
				SUPPORTS_MAC_DESIGNED_FOR_IPHONE_IPAD = NO;
				SUPPORTS_XR_DESIGNED_FOR_IPHONE_IPAD = NO;
				SWIFT_EMIT_LOC_STRINGS = YES;
				SWIFT_VERSION = 5.0;
				TARGETED_DEVICE_FAMILY = "1,2";
			};
			name = Debug;
		};
		F3F790B62D3665AB0095CE82 /* Release */ = {
			isa = XCBuildConfiguration;
			buildSettings = {
				ASSETCATALOG_COMPILER_GLOBAL_ACCENT_COLOR_NAME = AccentColor;
				ASSETCATALOG_COMPILER_WIDGET_BACKGROUND_COLOR_NAME = WidgetBackground;
				CODE_SIGN_STYLE = Automatic;
				CURRENT_PROJECT_VERSION = 1;
				DEVELOPMENT_TEAM = ZG3FDF8RBQ;
				GENERATE_INFOPLIST_FILE = YES;
				INFOPLIST_FILE = LiveActivityWidget/Info.plist;
				INFOPLIST_KEY_CFBundleDisplayName = LiveActivityWidget;
				INFOPLIST_KEY_NSHumanReadableCopyright = "";
				INFOPLIST_KEY_NSSupportsLiveActivities = YES;
				IPHONEOS_DEPLOYMENT_TARGET = 17;
				LD_RUNPATH_SEARCH_PATHS = (
					"$(inherited)",
					"@executable_path/Frameworks",
					"@executable_path/../../Frameworks",
				);
				MARKETING_VERSION = 1.0;
				PRODUCT_BUNDLE_IDENTIFIER = jp.elestyle.NetworkRealtime.LiveActivityWidget;
				PRODUCT_NAME = "$(TARGET_NAME)";
				SKIP_INSTALL = YES;
				SUPPORTED_PLATFORMS = "iphoneos iphonesimulator";
				SUPPORTS_MACCATALYST = NO;
				SUPPORTS_MAC_DESIGNED_FOR_IPHONE_IPAD = NO;
				SUPPORTS_XR_DESIGNED_FOR_IPHONE_IPAD = NO;
				SWIFT_EMIT_LOC_STRINGS = YES;
				SWIFT_VERSION = 5.0;
				TARGETED_DEVICE_FAMILY = "1,2";
			};
			name = Release;
		};
/* End XCBuildConfiguration section */

/* Begin XCConfigurationList section */
		F3F790802D3663D00095CE82 /* Build configuration list for PBXProject "NetworkRealtime" */ = {
			isa = XCConfigurationList;
			buildConfigurations = (
				F3F7909B2D3663D10095CE82 /* Debug */,
				F3F7909C2D3663D10095CE82 /* Release */,
			);
			defaultConfigurationIsVisible = 0;
			defaultConfigurationName = Release;
		};
		F3F790982D3663D10095CE82 /* Build configuration list for PBXNativeTarget "NetworkRealtime" */ = {
			isa = XCConfigurationList;
			buildConfigurations = (
				F3F790992D3663D10095CE82 /* Debug */,
				F3F7909A2D3663D10095CE82 /* Release */,
			);
			defaultConfigurationIsVisible = 0;
			defaultConfigurationName = Release;
		};
		F3F790B42D3665AB0095CE82 /* Build configuration list for PBXNativeTarget "LiveActivityWidgetExtension" */ = {
			isa = XCConfigurationList;
			buildConfigurations = (
				F3F790B52D3665AB0095CE82 /* Debug */,
				F3F790B62D3665AB0095CE82 /* Release */,
			);
			defaultConfigurationIsVisible = 0;
			defaultConfigurationName = Release;
		};
/* End XCConfigurationList section */

/* Begin XCRemoteSwiftPackageReference section */
		F3B09F742D36A651005671C3 /* XCRemoteSwiftPackageReference "swift-log" */ = {
			isa = XCRemoteSwiftPackageReference;
			repositoryURL = "http://github.com/apple/swift-log";
			requirement = {
				kind = upToNextMajorVersion;
				minimumVersion = 1.6.2;
			};
		};
		F3B09F872D36A783005671C3 /* XCRemoteSwiftPackageReference "swift-log-syslog" */ = {
			isa = XCRemoteSwiftPackageReference;
			repositoryURL = "https://github.com/ianpartridge/swift-log-syslog.git";
			requirement = {
				kind = upToNextMajorVersion;
				minimumVersion = 1.0.2;
			};
		};
/* End XCRemoteSwiftPackageReference section */

/* Begin XCSwiftPackageProductDependency section */
		F3B09F752D36A651005671C3 /* Logging */ = {
			isa = XCSwiftPackageProductDependency;
			package = F3B09F742D36A651005671C3 /* XCRemoteSwiftPackageReference "swift-log" */;
			productName = Logging;
		};
		F3B09F882D36A783005671C3 /* LoggingSyslog */ = {
			isa = XCSwiftPackageProductDependency;
			package = F3B09F872D36A783005671C3 /* XCRemoteSwiftPackageReference "swift-log-syslog" */;
			productName = LoggingSyslog;
		};
/* End XCSwiftPackageProductDependency section */
	};
	rootObject = F3F7907D2D3663D00095CE82 /* Project object */;
}
